// !$*UTF8*$!
{
	archiveVersion = 1;
	classes = {
	};
	objectVersion = 50;
	objects = {

/* Begin PBXBuildFile section */
		3F83E65F27A3010600DFAE4A /* Assignment_NotebookApp.swift in Sources */ = {isa = PBXBuildFile; fileRef = 3F83E65E27A3010600DFAE4A /* Assignment_NotebookApp.swift */; };
		3F83E66127A3010600DFAE4A /* ContentView.swift in Sources */ = {isa = PBXBuildFile; fileRef = 3F83E66027A3010600DFAE4A /* ContentView.swift */; };
		3F83E66327A3010E00DFAE4A /* Assets.xcassets in Resources */ = {isa = PBXBuildFile; fileRef = 3F83E66227A3010E00DFAE4A /* Assets.xcassets */; };
		3F83E66627A3010E00DFAE4A /* Preview Assets.xcassets in Resources */ = {isa = PBXBuildFile; fileRef = 3F83E66527A3010E00DFAE4A /* Preview Assets.xcassets */; };
		3F83E67127A3010F00DFAE4A /* Assignment_NotebookTests.swift in Sources */ = {isa = PBXBuildFile; fileRef = 3F83E67027A3010F00DFAE4A /* Assignment_NotebookTests.swift */; };
		3F83E67C27A3010F00DFAE4A /* Assignment_NotebookUITests.swift in Sources */ = {isa = PBXBuildFile; fileRef = 3F83E67B27A3010F00DFAE4A /* Assignment_NotebookUITests.swift */; };
		3F83E68A27A3017000DFAE4A /* AddAssignmentView.swift in Sources */ = {isa = PBXBuildFile; fileRef = 3F83E68927A3017000DFAE4A /* AddAssignmentView.swift */; };
		3F83E68C27A3058100DFAE4A /* AssignmentList.swift in Sources */ = {isa = PBXBuildFile; fileRef = 3F83E68B27A3058100DFAE4A /* AssignmentList.swift */; };
/* End PBXBuildFile section */

/* Begin PBXContainerItemProxy section */
		3F83E66D27A3010F00DFAE4A /* PBXContainerItemProxy */ = {
			isa = PBXContainerItemProxy;
			containerPortal = 3F83E65327A3010500DFAE4A /* Project object */;
			proxyType = 1;
			remoteGlobalIDString = 3F83E65A27A3010600DFAE4A;
			remoteInfo = "Assignment Notebook";
		};
		3F83E67827A3010F00DFAE4A /* PBXContainerItemProxy */ = {
			isa = PBXContainerItemProxy;
			containerPortal = 3F83E65327A3010500DFAE4A /* Project object */;
			proxyType = 1;
			remoteGlobalIDString = 3F83E65A27A3010600DFAE4A;
			remoteInfo = "Assignment Notebook";
		};
/* End PBXContainerItemProxy section */

/* Begin PBXFileReference section */
		3F83E65B27A3010600DFAE4A /* Assignment Notebook.app */ = {isa = PBXFileReference; explicitFileType = wrapper.application; includeInIndex = 0; path = "Assignment Notebook.app"; sourceTree = BUILT_PRODUCTS_DIR; };
		3F83E65E27A3010600DFAE4A /* Assignment_NotebookApp.swift */ = {isa = PBXFileReference; lastKnownFileType = sourcecode.swift; path = Assignment_NotebookApp.swift; sourceTree = "<group>"; };
		3F83E66027A3010600DFAE4A /* ContentView.swift */ = {isa = PBXFileReference; lastKnownFileType = sourcecode.swift; path = ContentView.swift; sourceTree = "<group>"; };
		3F83E66227A3010E00DFAE4A /* Assets.xcassets */ = {isa = PBXFileReference; lastKnownFileType = folder.assetcatalog; path = Assets.xcassets; sourceTree = "<group>"; };
		3F83E66527A3010E00DFAE4A /* Preview Assets.xcassets */ = {isa = PBXFileReference; lastKnownFileType = folder.assetcatalog; path = "Preview Assets.xcassets"; sourceTree = "<group>"; };
		3F83E66727A3010E00DFAE4A /* Info.plist */ = {isa = PBXFileReference; lastKnownFileType = text.plist.xml; path = Info.plist; sourceTree = "<group>"; };
		3F83E66C27A3010F00DFAE4A /* Assignment NotebookTests.xctest */ = {isa = PBXFileReference; explicitFileType = wrapper.cfbundle; includeInIndex = 0; path = "Assignment NotebookTests.xctest"; sourceTree = BUILT_PRODUCTS_DIR; };
		3F83E67027A3010F00DFAE4A /* Assignment_NotebookTests.swift */ = {isa = PBXFileReference; lastKnownFileType = sourcecode.swift; path = Assignment_NotebookTests.swift; sourceTree = "<group>"; };
		3F83E67227A3010F00DFAE4A /* Info.plist */ = {isa = PBXFileReference; lastKnownFileType = text.plist.xml; path = Info.plist; sourceTree = "<group>"; };
		3F83E67727A3010F00DFAE4A /* Assignment NotebookUITests.xctest */ = {isa = PBXFileReference; explicitFileType = wrapper.cfbundle; includeInIndex = 0; path = "Assignment NotebookUITests.xctest"; sourceTree = BUILT_PRODUCTS_DIR; };
		3F83E67B27A3010F00DFAE4A /* Assignment_NotebookUITests.swift */ = {isa = PBXFileReference; lastKnownFileType = sourcecode.swift; path = Assignment_NotebookUITests.swift; sourceTree = "<group>"; };
		3F83E67D27A3010F00DFAE4A /* Info.plist */ = {isa = PBXFileReference; lastKnownFileType = text.plist.xml; path = Info.plist; sourceTree = "<group>"; };
		3F83E68927A3017000DFAE4A /* AddAssignmentView.swift */ = {isa = PBXFileReference; lastKnownFileType = sourcecode.swift; path = AddAssignmentView.swift; sourceTree = "<group>"; };
		3F83E68B27A3058100DFAE4A /* AssignmentList.swift */ = {isa = PBXFileReference; lastKnownFileType = sourcecode.swift; path = AssignmentList.swift; sourceTree = "<group>"; };
/* End PBXFileReference section */

/* Begin PBXFrameworksBuildPhase section */
		3F83E65827A3010600DFAE4A /* Frameworks */ = {
			isa = PBXFrameworksBuildPhase;
			buildActionMask = 2147483647;
			files = (
			);
			runOnlyForDeploymentPostprocessing = 0;
		};
		3F83E66927A3010F00DFAE4A /* Frameworks */ = {
			isa = PBXFrameworksBuildPhase;
			buildActionMask = 2147483647;
			files = (
			);
			runOnlyForDeploymentPostprocessing = 0;
		};
		3F83E67427A3010F00DFAE4A /* Frameworks */ = {
			isa = PBXFrameworksBuildPhase;
			buildActionMask = 2147483647;
			files = (
			);
			runOnlyForDeploymentPostprocessing = 0;
		};
/* End PBXFrameworksBuildPhase section */

/* Begin PBXGroup section */
		3F83E65227A3010500DFAE4A = {
			isa = PBXGroup;
			children = (
				3F83E65D27A3010600DFAE4A /* Assignment Notebook */,
				3F83E66F27A3010F00DFAE4A /* Assignment NotebookTests */,
				3F83E67A27A3010F00DFAE4A /* Assignment NotebookUITests */,
				3F83E65C27A3010600DFAE4A /* Products */,
			);
			sourceTree = "<group>";
		};
		3F83E65C27A3010600DFAE4A /* Products */ = {
			isa = PBXGroup;
			children = (
				3F83E65B27A3010600DFAE4A /* Assignment Notebook.app */,
				3F83E66C27A3010F00DFAE4A /* Assignment NotebookTests.xctest */,
				3F83E67727A3010F00DFAE4A /* Assignment NotebookUITests.xctest */,
			);
			name = Products;
			sourceTree = "<group>";
		};
		3F83E65D27A3010600DFAE4A /* Assignment Notebook */ = {
			isa = PBXGroup;
			children = (
				3F83E65E27A3010600DFAE4A /* Assignment_NotebookApp.swift */,
				3F83E66027A3010600DFAE4A /* ContentView.swift */,
				3F83E68927A3017000DFAE4A /* AddAssignmentView.swift */,
				3F83E68B27A3058100DFAE4A /* AssignmentList.swift */,
				3F83E66227A3010E00DFAE4A /* Assets.xcassets */,
				3F83E66727A3010E00DFAE4A /* Info.plist */,
				3F83E66427A3010E00DFAE4A /* Preview Content */,
			);
			path = "Assignment Notebook";
			sourceTree = "<group>";
		};
		3F83E66427A3010E00DFAE4A /* Preview Content */ = {
			isa = PBXGroup;
			children = (
				3F83E66527A3010E00DFAE4A /* Preview Assets.xcassets */,
			);
			path = "Preview Content";
			sourceTree = "<group>";
		};
		3F83E66F27A3010F00DFAE4A /* Assignment NotebookTests */ = {
			isa = PBXGroup;
			children = (
				3F83E67027A3010F00DFAE4A /* Assignment_NotebookTests.swift */,
				3F83E67227A3010F00DFAE4A /* Info.plist */,
			);
			path = "Assignment NotebookTests";
			sourceTree = "<group>";
		};
		3F83E67A27A3010F00DFAE4A /* Assignment NotebookUITests */ = {
			isa = PBXGroup;
			children = (
				3F83E67B27A3010F00DFAE4A /* Assignment_NotebookUITests.swift */,
				3F83E67D27A3010F00DFAE4A /* Info.plist */,
			);
			path = "Assignment NotebookUITests";
			sourceTree = "<group>";
		};
/* End PBXGroup section */

/* Begin PBXNativeTarget section */
		3F83E65A27A3010600DFAE4A /* Assignment Notebook */ = {
			isa = PBXNativeTarget;
			buildConfigurationList = 3F83E68027A3010F00DFAE4A /* Build configuration list for PBXNativeTarget "Assignment Notebook" */;
			buildPhases = (
				3F83E65727A3010600DFAE4A /* Sources */,
				3F83E65827A3010600DFAE4A /* Frameworks */,
				3F83E65927A3010600DFAE4A /* Resources */,
			);
			buildRules = (
			);
			dependencies = (
			);
			name = "Assignment Notebook";
			productName = "Assignment Notebook";
			productReference = 3F83E65B27A3010600DFAE4A /* Assignment Notebook.app */;
			productType = "com.apple.product-type.application";
		};
		3F83E66B27A3010F00DFAE4A /* Assignment NotebookTests */ = {
			isa = PBXNativeTarget;
			buildConfigurationList = 3F83E68327A3010F00DFAE4A /* Build configuration list for PBXNativeTarget "Assignment NotebookTests" */;
			buildPhases = (
				3F83E66827A3010F00DFAE4A /* Sources */,
				3F83E66927A3010F00DFAE4A /* Frameworks */,
				3F83E66A27A3010F00DFAE4A /* Resources */,
			);
			buildRules = (
			);
			dependencies = (
				3F83E66E27A3010F00DFAE4A /* PBXTargetDependency */,
			);
			name = "Assignment NotebookTests";
			productName = "Assignment NotebookTests";
			productReference = 3F83E66C27A3010F00DFAE4A /* Assignment NotebookTests.xctest */;
			productType = "com.apple.product-type.bundle.unit-test";
		};
		3F83E67627A3010F00DFAE4A /* Assignment NotebookUITests */ = {
			isa = PBXNativeTarget;
			buildConfigurationList = 3F83E68627A3010F00DFAE4A /* Build configuration list for PBXNativeTarget "Assignment NotebookUITests" */;
			buildPhases = (
				3F83E67327A3010F00DFAE4A /* Sources */,
				3F83E67427A3010F00DFAE4A /* Frameworks */,
				3F83E67527A3010F00DFAE4A /* Resources */,
			);
			buildRules = (
			);
			dependencies = (
				3F83E67927A3010F00DFAE4A /* PBXTargetDependency */,
			);
			name = "Assignment NotebookUITests";
			productName = "Assignment NotebookUITests";
			productReference = 3F83E67727A3010F00DFAE4A /* Assignment NotebookUITests.xctest */;
			productType = "com.apple.product-type.bundle.ui-testing";
		};
/* End PBXNativeTarget section */

/* Begin PBXProject section */
		3F83E65327A3010500DFAE4A /* Project object */ = {
			isa = PBXProject;
			attributes = {
				LastSwiftUpdateCheck = 1250;
				LastUpgradeCheck = 1250;
				TargetAttributes = {
					3F83E65A27A3010600DFAE4A = {
						CreatedOnToolsVersion = 12.5.1;
					};
					3F83E66B27A3010F00DFAE4A = {
						CreatedOnToolsVersion = 12.5.1;
						TestTargetID = 3F83E65A27A3010600DFAE4A;
					};
					3F83E67627A3010F00DFAE4A = {
						CreatedOnToolsVersion = 12.5.1;
						TestTargetID = 3F83E65A27A3010600DFAE4A;
					};
				};
			};
			buildConfigurationList = 3F83E65627A3010500DFAE4A /* Build configuration list for PBXProject "Assignment Notebook" */;
			compatibilityVersion = "Xcode 9.3";
			developmentRegion = en;
			hasScannedForEncodings = 0;
			knownRegions = (
				en,
				Base,
			);
			mainGroup = 3F83E65227A3010500DFAE4A;
			productRefGroup = 3F83E65C27A3010600DFAE4A /* Products */;
			projectDirPath = "";
			projectRoot = "";
			targets = (
				3F83E65A27A3010600DFAE4A /* Assignment Notebook */,
				3F83E66B27A3010F00DFAE4A /* Assignment NotebookTests */,
				3F83E67627A3010F00DFAE4A /* Assignment NotebookUITests */,
			);
		};
/* End PBXProject section */

/* Begin PBXResourcesBuildPhase section */
		3F83E65927A3010600DFAE4A /* Resources */ = {
			isa = PBXResourcesBuildPhase;
			buildActionMask = 2147483647;
			files = (
				3F83E66627A3010E00DFAE4A /* Preview Assets.xcassets in Resources */,
				3F83E66327A3010E00DFAE4A /* Assets.xcassets in Resources */,
			);
			runOnlyForDeploymentPostprocessing = 0;
		};
		3F83E66A27A3010F00DFAE4A /* Resources */ = {
			isa = PBXResourcesBuildPhase;
			buildActionMask = 2147483647;
			files = (
			);
			runOnlyForDeploymentPostprocessing = 0;
		};
		3F83E67527A3010F00DFAE4A /* Resources */ = {
			isa = PBXResourcesBuildPhase;
			buildActionMask = 2147483647;
			files = (
			);
			runOnlyForDeploymentPostprocessing = 0;
		};
/* End PBXResourcesBuildPhase section */

/* Begin PBXSourcesBuildPhase section */
		3F83E65727A3010600DFAE4A /* Sources */ = {
			isa = PBXSourcesBuildPhase;
			buildActionMask = 2147483647;
			files = (
				3F83E68C27A3058100DFAE4A /* AssignmentList.swift in Sources */,
				3F83E68A27A3017000DFAE4A /* AddAssignmentView.swift in Sources */,
				3F83E66127A3010600DFAE4A /* ContentView.swift in Sources */,
				3F83E65F27A3010600DFAE4A /* Assignment_NotebookApp.swift in Sources */,
			);
			runOnlyForDeploymentPostprocessing = 0;
		};
		3F83E66827A3010F00DFAE4A /* Sources */ = {
			isa = PBXSourcesBuildPhase;
			buildActionMask = 2147483647;
			files = (
				3F83E67127A3010F00DFAE4A /* Assignment_NotebookTests.swift in Sources */,
			);
			runOnlyForDeploymentPostprocessing = 0;
		};
		3F83E67327A3010F00DFAE4A /* Sources */ = {
			isa = PBXSourcesBuildPhase;
			buildActionMask = 2147483647;
			files = (
				3F83E67C27A3010F00DFAE4A /* Assignment_NotebookUITests.swift in Sources */,
			);
			runOnlyForDeploymentPostprocessing = 0;
		};
/* End PBXSourcesBuildPhase section */

/* Begin PBXTargetDependency section */
		3F83E66E27A3010F00DFAE4A /* PBXTargetDependency */ = {
			isa = PBXTargetDependency;
			target = 3F83E65A27A3010600DFAE4A /* Assignment Notebook */;
			targetProxy = 3F83E66D27A3010F00DFAE4A /* PBXContainerItemProxy */;
		};
		3F83E67927A3010F00DFAE4A /* PBXTargetDependency */ = {
			isa = PBXTargetDependency;
			target = 3F83E65A27A3010600DFAE4A /* Assignment Notebook */;
			targetProxy = 3F83E67827A3010F00DFAE4A /* PBXContainerItemProxy */;
		};
/* End PBXTargetDependency section */

/* Begin XCBuildConfiguration section */
		3F83E67E27A3010F00DFAE4A /* Debug */ = {
			isa = XCBuildConfiguration;
			buildSettings = {
				ALWAYS_SEARCH_USER_PATHS = NO;
				CLANG_ANALYZER_NONNULL = YES;
				CLANG_ANALYZER_NUMBER_OBJECT_CONVERSION = YES_AGGRESSIVE;
				CLANG_CXX_LANGUAGE_STANDARD = "gnu++14";
				CLANG_CXX_LIBRARY = "libc++";
				CLANG_ENABLE_MODULES = YES;
				CLANG_ENABLE_OBJC_ARC = YES;
				CLANG_ENABLE_OBJC_WEAK = YES;
				CLANG_WARN_BLOCK_CAPTURE_AUTORELEASING = YES;
				CLANG_WARN_BOOL_CONVERSION = YES;
				CLANG_WARN_COMMA = YES;
				CLANG_WARN_CONSTANT_CONVERSION = YES;
				CLANG_WARN_DEPRECATED_OBJC_IMPLEMENTATIONS = YES;
				CLANG_WARN_DIRECT_OBJC_ISA_USAGE = YES_ERROR;
				CLANG_WARN_DOCUMENTATION_COMMENTS = YES;
				CLANG_WARN_EMPTY_BODY = YES;
				CLANG_WARN_ENUM_CONVERSION = YES;
				CLANG_WARN_INFINITE_RECURSION = YES;
				CLANG_WARN_INT_CONVERSION = YES;
				CLANG_WARN_NON_LITERAL_NULL_CONVERSION = YES;
				CLANG_WARN_OBJC_IMPLICIT_RETAIN_SELF = YES;
				CLANG_WARN_OBJC_LITERAL_CONVERSION = YES;
				CLANG_WARN_OBJC_ROOT_CLASS = YES_ERROR;
				CLANG_WARN_QUOTED_INCLUDE_IN_FRAMEWORK_HEADER = YES;
				CLANG_WARN_RANGE_LOOP_ANALYSIS = YES;
				CLANG_WARN_STRICT_PROTOTYPES = YES;
				CLANG_WARN_SUSPICIOUS_MOVE = YES;
				CLANG_WARN_UNGUARDED_AVAILABILITY = YES_AGGRESSIVE;
				CLANG_WARN_UNREACHABLE_CODE = YES;
				CLANG_WARN__DUPLICATE_METHOD_MATCH = YES;
				COPY_PHASE_STRIP = NO;
				DEBUG_INFORMATION_FORMAT = dwarf;
				ENABLE_STRICT_OBJC_MSGSEND = YES;
				ENABLE_TESTABILITY = YES;
				GCC_C_LANGUAGE_STANDARD = gnu11;
				GCC_DYNAMIC_NO_PIC = NO;
				GCC_NO_COMMON_BLOCKS = YES;
				GCC_OPTIMIZATION_LEVEL = 0;
				GCC_PREPROCESSOR_DEFINITIONS = (
					"DEBUG=1",
					"$(inherited)",
				);
				GCC_WARN_64_TO_32_BIT_CONVERSION = YES;
				GCC_WARN_ABOUT_RETURN_TYPE = YES_ERROR;
				GCC_WARN_UNDECLARED_SELECTOR = YES;
				GCC_WARN_UNINITIALIZED_AUTOS = YES_AGGRESSIVE;
				GCC_WARN_UNUSED_FUNCTION = YES;
				GCC_WARN_UNUSED_VARIABLE = YES;
				IPHONEOS_DEPLOYMENT_TARGET = 14.5;
				MTL_ENABLE_DEBUG_INFO = INCLUDE_SOURCE;
				MTL_FAST_MATH = YES;
				ONLY_ACTIVE_ARCH = YES;
				SDKROOT = iphoneos;
				SWIFT_ACTIVE_COMPILATION_CONDITIONS = DEBUG;
				SWIFT_OPTIMIZATION_LEVEL = "-Onone";
			};
			name = Debug;
		};
		3F83E67F27A3010F00DFAE4A /* Release */ = {
			isa = XCBuildConfiguration;
			buildSettings = {
				ALWAYS_SEARCH_USER_PATHS = NO;
				CLANG_ANALYZER_NONNULL = YES;
				CLANG_ANALYZER_NUMBER_OBJECT_CONVERSION = YES_AGGRESSIVE;
				CLANG_CXX_LANGUAGE_STANDARD = "gnu++14";
				CLANG_CXX_LIBRARY = "libc++";
				CLANG_ENABLE_MODULES = YES;
				CLANG_ENABLE_OBJC_ARC = YES;
				CLANG_ENABLE_OBJC_WEAK = YES;
				CLANG_WARN_BLOCK_CAPTURE_AUTORELEASING = YES;
				CLANG_WARN_BOOL_CONVERSION = YES;
				CLANG_WARN_COMMA = YES;
				CLANG_WARN_CONSTANT_CONVERSION = YES;
				CLANG_WARN_DEPRECATED_OBJC_IMPLEMENTATIONS = YES;
				CLANG_WARN_DIRECT_OBJC_ISA_USAGE = YES_ERROR;
				CLANG_WARN_DOCUMENTATION_COMMENTS = YES;
				CLANG_WARN_EMPTY_BODY = YES;
				CLANG_WARN_ENUM_CONVERSION = YES;
				CLANG_WARN_INFINITE_RECURSION = YES;
				CLANG_WARN_INT_CONVERSION = YES;
				CLANG_WARN_NON_LITERAL_NULL_CONVERSION = YES;
				CLANG_WARN_OBJC_IMPLICIT_RETAIN_SELF = YES;
				CLANG_WARN_OBJC_LITERAL_CONVERSION = YES;
				CLANG_WARN_OBJC_ROOT_CLASS = YES_ERROR;
				CLANG_WARN_QUOTED_INCLUDE_IN_FRAMEWORK_HEADER = YES;
				CLANG_WARN_RANGE_LOOP_ANALYSIS = YES;
				CLANG_WARN_STRICT_PROTOTYPES = YES;
				CLANG_WARN_SUSPICIOUS_MOVE = YES;
				CLANG_WARN_UNGUARDED_AVAILABILITY = YES_AGGRESSIVE;
				CLANG_WARN_UNREACHABLE_CODE = YES;
				CLANG_WARN__DUPLICATE_METHOD_MATCH = YES;
				COPY_PHASE_STRIP = NO;
				DEBUG_INFORMATION_FORMAT = "dwarf-with-dsym";
				ENABLE_NS_ASSERTIONS = NO;
				ENABLE_STRICT_OBJC_MSGSEND = YES;
				GCC_C_LANGUAGE_STANDARD = gnu11;
				GCC_NO_COMMON_BLOCKS = YES;
				GCC_WARN_64_TO_32_BIT_CONVERSION = YES;
				GCC_WARN_ABOUT_RETURN_TYPE = YES_ERROR;
				GCC_WARN_UNDECLARED_SELECTOR = YES;
				GCC_WARN_UNINITIALIZED_AUTOS = YES_AGGRESSIVE;
				GCC_WARN_UNUSED_FUNCTION = YES;
				GCC_WARN_UNUSED_VARIABLE = YES;
				IPHONEOS_DEPLOYMENT_TARGET = 14.5;
				MTL_ENABLE_DEBUG_INFO = NO;
				MTL_FAST_MATH = YES;
				SDKROOT = iphoneos;
				SWIFT_COMPILATION_MODE = wholemodule;
				SWIFT_OPTIMIZATION_LEVEL = "-O";
				VALIDATE_PRODUCT = YES;
			};
			name = Release;
		};
		3F83E68127A3010F00DFAE4A /* Debug */ = {
			isa = XCBuildConfiguration;
			buildSettings = {
				ASSETCATALOG_COMPILER_APPICON_NAME = AppIcon;
				ASSETCATALOG_COMPILER_GLOBAL_ACCENT_COLOR_NAME = AccentColor;
				CODE_SIGN_STYLE = Automatic;
				DEVELOPMENT_ASSET_PATHS = "\"Assignment Notebook/Preview Content\"";
				ENABLE_PREVIEWS = YES;
				INFOPLIST_FILE = "Assignment Notebook/Info.plist";
				IPHONEOS_DEPLOYMENT_TARGET = 14.0;
				LD_RUNPATH_SEARCH_PATHS = (
					"$(inherited)",
					"@executable_path/Frameworks",
				);
				PRODUCT_BUNDLE_IDENTIFIER = "AEY.Assignment-Notebook";
				PRODUCT_NAME = "$(TARGET_NAME)";
				SWIFT_VERSION = 5.0;
				TARGETED_DEVICE_FAMILY = "1,2";
			};
			name = Debug;
		};
		3F83E68227A3010F00DFAE4A /* Release */ = {
			isa = XCBuildConfiguration;
			buildSettings = {
				ASSETCATALOG_COMPILER_APPICON_NAME = AppIcon;
				ASSETCATALOG_COMPILER_GLOBAL_ACCENT_COLOR_NAME = AccentColor;
				CODE_SIGN_STYLE = Automatic;
				DEVELOPMENT_ASSET_PATHS = "\"Assignment Notebook/Preview Content\"";
				ENABLE_PREVIEWS = YES;
				INFOPLIST_FILE = "Assignment Notebook/Info.plist";
				IPHONEOS_DEPLOYMENT_TARGET = 14.0;
				LD_RUNPATH_SEARCH_PATHS = (
					"$(inherited)",
					"@executable_path/Frameworks",
				);
				PRODUCT_BUNDLE_IDENTIFIER = "AEY.Assignment-Notebook";
				PRODUCT_NAME = "$(TARGET_NAME)";
				SWIFT_VERSION = 5.0;
				TARGETED_DEVICE_FAMILY = "1,2";
			};
			name = Release;
		};
		3F83E68427A3010F00DFAE4A /* Debug */ = {
			isa = XCBuildConfiguration;
			buildSettings = {
				ALWAYS_EMBED_SWIFT_STANDARD_LIBRARIES = YES;
				BUNDLE_LOADER = "$(TEST_HOST)";
				CODE_SIGN_STYLE = Automatic;
				INFOPLIST_FILE = "Assignment NotebookTests/Info.plist";
				IPHONEOS_DEPLOYMENT_TARGET = 14.0;
				LD_RUNPATH_SEARCH_PATHS = (
					"$(inherited)",
					"@executable_path/Frameworks",
					"@loader_path/Frameworks",
				);
				PRODUCT_BUNDLE_IDENTIFIER = "AEY.Assignment-NotebookTests";
				PRODUCT_NAME = "$(TARGET_NAME)";
				SWIFT_VERSION = 5.0;
				TARGETED_DEVICE_FAMILY = "1,2";
				TEST_HOST = "$(BUILT_PRODUCTS_DIR)/Assignment Notebook.app/Assignment Notebook";
			};
			name = Debug;
		};
		3F83E68527A3010F00DFAE4A /* Release */ = {
			isa = XCBuildConfiguration;
			buildSettings = {
				ALWAYS_EMBED_SWIFT_STANDARD_LIBRARIES = YES;
				BUNDLE_LOADER = "$(TEST_HOST)";
				CODE_SIGN_STYLE = Automatic;
				INFOPLIST_FILE = "Assignment NotebookTests/Info.plist";
				IPHONEOS_DEPLOYMENT_TARGET = 14.0;
				LD_RUNPATH_SEARCH_PATHS = (
					"$(inherited)",
					"@executable_path/Frameworks",
					"@loader_path/Frameworks",
				);
				PRODUCT_BUNDLE_IDENTIFIER = "AEY.Assignment-NotebookTests";
				PRODUCT_NAME = "$(TARGET_NAME)";
				SWIFT_VERSION = 5.0;
				TARGETED_DEVICE_FAMILY = "1,2";
				TEST_HOST = "$(BUILT_PRODUCTS_DIR)/Assignment Notebook.app/Assignment Notebook";
			};
			name = Release;
		};
		3F83E68727A3010F00DFAE4A /* Debug */ = {
			isa = XCBuildConfiguration;
			buildSettings = {
				ALWAYS_EMBED_SWIFT_STANDARD_LIBRARIES = YES;
				CODE_SIGN_STYLE = Automatic;
				INFOPLIST_FILE = "Assignment NotebookUITests/Info.plist";
				LD_RUNPATH_SEARCH_PATHS = (
					"$(inherited)",
					"@executable_path/Frameworks",
					"@loader_path/Frameworks",
				);
				PRODUCT_BUNDLE_IDENTIFIER = "AEY.Assignment-NotebookUITests";
				PRODUCT_NAME = "$(TARGET_NAME)";
				SWIFT_VERSION = 5.0;
				TARGETED_DEVICE_FAMILY = "1,2";
				TEST_TARGET_NAME = "Assignment Notebook";
			};
			name = Debug;
		};
		3F83E68827A3010F00DFAE4A /* Release */ = {
			isa = XCBuildConfiguration;
			buildSettings = {
				ALWAYS_EMBED_SWIFT_STANDARD_LIBRARIES = YES;
				CODE_SIGN_STYLE = Automatic;
				INFOPLIST_FILE = "Assignment NotebookUITests/Info.plist";
				LD_RUNPATH_SEARCH_PATHS = (
					"$(inherited)",
					"@executable_path/Frameworks",
					"@loader_path/Frameworks",
				);
				PRODUCT_BUNDLE_IDENTIFIER = "AEY.Assignment-NotebookUITests";
				PRODUCT_NAME = "$(TARGET_NAME)";
				SWIFT_VERSION = 5.0;
				TARGETED_DEVICE_FAMILY = "1,2";
				TEST_TARGET_NAME = "Assignment Notebook";
			};
			name = Release;
		};
/* End XCBuildConfiguration section */

/* Begin XCConfigurationList section */
		3F83E65627A3010500DFAE4A /* Build configuration list for PBXProject "Assignment Notebook" */ = {
			isa = XCConfigurationList;
			buildConfigurations = (
				3F83E67E27A3010F00DFAE4A /* Debug */,
				3F83E67F27A3010F00DFAE4A /* Release */,
			);
			defaultConfigurationIsVisible = 0;
			defaultConfigurationName = Release;
		};
		3F83E68027A3010F00DFAE4A /* Build configuration list for PBXNativeTarget "Assignment Notebook" */ = {
			isa = XCConfigurationList;
			buildConfigurations = (
				3F83E68127A3010F00DFAE4A /* Debug */,
				3F83E68227A3010F00DFAE4A /* Release */,
			);
			defaultConfigurationIsVisible = 0;
			defaultConfigurationName = Release;
		};
		3F83E68327A3010F00DFAE4A /* Build configuration list for PBXNativeTarget "Assignment NotebookTests" */ = {
			isa = XCConfigurationList;
			buildConfigurations = (
				3F83E68427A3010F00DFAE4A /* Debug */,
				3F83E68527A3010F00DFAE4A /* Release */,
			);
			defaultConfigurationIsVisible = 0;
			defaultConfigurationName = Release;
		};
		3F83E68627A3010F00DFAE4A /* Build configuration list for PBXNativeTarget "Assignment NotebookUITests" */ = {
			isa = XCConfigurationList;
			buildConfigurations = (
				3F83E68727A3010F00DFAE4A /* Debug */,
				3F83E68827A3010F00DFAE4A /* Release */,
			);
			defaultConfigurationIsVisible = 0;
			defaultConfigurationName = Release;
		};
/* End XCConfigurationList section */
	};
	rootObject = 3F83E65327A3010500DFAE4A /* Project object */;
}
